// !$*UTF8*$!
{
	archiveVersion = 1;
	classes = {
	};
	objectVersion = 56;
	objects = {

/* Begin PBXBuildFile section */
		DD1C16742DB808250097B59A /* PianoKeyboardView.swift in Sources */ = {isa = PBXBuildFile; fileRef = DD1C16732DB808250097B59A /* PianoKeyboardView.swift */; };
		DD1C16762DB809460097B59A /* SampleDetailView.swift in Sources */ = {isa = PBXBuildFile; fileRef = DD1C16752DB809460097B59A /* SampleDetailView.swift */; };
		DD1C16782DBA518B0097B59A /* WaveformDisplayView.swift in Sources */ = {isa = PBXBuildFile; fileRef = DD1C16772DBA518B0097B59A /* WaveformDisplayView.swift */; };
		DD1C167A2DBA931E0097B59A /* AddSampleView.swift in Sources */ = {isa = PBXBuildFile; fileRef = DD1C16792DBA931E0097B59A /* AddSampleView.swift */; };
		DD3CB6AE2DB6D7D1009B2C5C /* MIDIManager.swift in Sources */ = {isa = PBXBuildFile; fileRef = DD3CB6AC2DB6D7D1009B2C5C /* MIDIManager.swift */; };
		DD3CB6AF2DB6D7D1009B2C5C /* MIDIView.swift in Sources */ = {isa = PBXBuildFile; fileRef = DD3CB6AD2DB6D7D1009B2C5C /* MIDIView.swift */; };
		DD3CB6B12DB6E367009B2C5C /* KeyboardView.swift in Sources */ = {isa = PBXBuildFile; fileRef = DD3CB6B02DB6E367009B2C5C /* KeyboardView.swift */; };
		DD70F4442DB7FE3F0054E2B2 /* AudioKit in Frameworks */ = {isa = PBXBuildFile; productRef = DD70F4432DB7FE3F0054E2B2 /* AudioKit */; };
		DD70F4462DB7FE4F0054E2B2 /* AudioKitUI in Frameworks */ = {isa = PBXBuildFile; productRef = DD70F4452DB7FE4F0054E2B2 /* AudioKitUI */; };
		DD7A8D3F2DB56B6400B3363E /* AbletonSamplerApp.swift in Sources */ = {isa = PBXBuildFile; fileRef = DD7A8D3E2DB56B6400B3363E /* AbletonSamplerApp.swift */; };
		DD7A8D412DB56B6400B3363E /* ContentView.swift in Sources */ = {isa = PBXBuildFile; fileRef = DD7A8D402DB56B6400B3363E /* ContentView.swift */; };
		DD7A8D432DB56B6600B3363E /* Assets.xcassets in Resources */ = {isa = PBXBuildFile; fileRef = DD7A8D422DB56B6600B3363E /* Assets.xcassets */; };
		DD7A8D462DB56B6600B3363E /* Preview Assets.xcassets in Resources */ = {isa = PBXBuildFile; fileRef = DD7A8D452DB56B6600B3363E /* Preview Assets.xcassets */; };
		DD7A8D512DB56B6600B3363E /* AbletonSamplerTests.swift in Sources */ = {isa = PBXBuildFile; fileRef = DD7A8D502DB56B6600B3363E /* AbletonSamplerTests.swift */; };
		DD7A8D5B2DB56B6600B3363E /* AbletonSamplerUITests.swift in Sources */ = {isa = PBXBuildFile; fileRef = DD7A8D5A2DB56B6600B3363E /* AbletonSamplerUITests.swift */; };
		DD7A8D5D2DB56B6600B3363E /* AbletonSamplerUITestsLaunchTests.swift in Sources */ = {isa = PBXBuildFile; fileRef = DD7A8D5C2DB56B6600B3363E /* AbletonSamplerUITestsLaunchTests.swift */; };
		DD7A8D6A2DB56B8500B3363E /* SamplerViewModel.swift in Sources */ = {isa = PBXBuildFile; fileRef = DD7A8D692DB56B8500B3363E /* SamplerViewModel.swift */; };
		DD7A8D712DB59B2000B3363E /* AudioSegmentEditorView.swift in Sources */ = {isa = PBXBuildFile; fileRef = DD7A8D702DB59B2000B3363E /* AudioSegmentEditorView.swift */; };
		DD7A8D762DB5B40F00B3363E /* PianoKeyboardView.swift in Sources */ = {isa = PBXBuildFile; fileRef = DD7A8D752DB5B40F00B3363E /* PianoKeyboardView.swift */; };
/* End PBXBuildFile section */

/* Begin PBXContainerItemProxy section */
		DD7A8D4D2DB56B6600B3363E /* PBXContainerItemProxy */ = {
			isa = PBXContainerItemProxy;
			containerPortal = DD7A8D332DB56B6400B3363E /* Project object */;
			proxyType = 1;
			remoteGlobalIDString = DD7A8D3A2DB56B6400B3363E;
			remoteInfo = AbletonSampler;
		};
		DD7A8D572DB56B6600B3363E /* PBXContainerItemProxy */ = {
			isa = PBXContainerItemProxy;
			containerPortal = DD7A8D332DB56B6400B3363E /* Project object */;
			proxyType = 1;
			remoteGlobalIDString = DD7A8D3A2DB56B6400B3363E;
			remoteInfo = AbletonSampler;
		};
/* End PBXContainerItemProxy section */

/* Begin PBXFileReference section */
		DD1C16732DB808250097B59A /* PianoKeyboardView.swift */ = {isa = PBXFileReference; fileEncoding = 4; lastKnownFileType = sourcecode.swift; path = PianoKeyboardView.swift; sourceTree = "<group>"; };
		DD1C16752DB809460097B59A /* SampleDetailView.swift */ = {isa = PBXFileReference; fileEncoding = 4; lastKnownFileType = sourcecode.swift; path = SampleDetailView.swift; sourceTree = "<group>"; };
		DD1C16772DBA518B0097B59A /* WaveformDisplayView.swift */ = {isa = PBXFileReference; fileEncoding = 4; lastKnownFileType = sourcecode.swift; path = WaveformDisplayView.swift; sourceTree = "<group>"; };
		DD1C16792DBA931E0097B59A /* AddSampleView.swift */ = {isa = PBXFileReference; fileEncoding = 4; lastKnownFileType = sourcecode.swift; path = AddSampleView.swift; sourceTree = "<group>"; };
		DD3CB6AC2DB6D7D1009B2C5C /* MIDIManager.swift */ = {isa = PBXFileReference; fileEncoding = 4; lastKnownFileType = sourcecode.swift; path = MIDIManager.swift; sourceTree = "<group>"; };
		DD3CB6AD2DB6D7D1009B2C5C /* MIDIView.swift */ = {isa = PBXFileReference; fileEncoding = 4; lastKnownFileType = sourcecode.swift; path = MIDIView.swift; sourceTree = "<group>"; };
		DD3CB6B02DB6E367009B2C5C /* KeyboardView.swift */ = {isa = PBXFileReference; fileEncoding = 4; lastKnownFileType = sourcecode.swift; path = KeyboardView.swift; sourceTree = "<group>"; };
		DD7A8D3B2DB56B6400B3363E /* AbletonSampler.app */ = {isa = PBXFileReference; explicitFileType = wrapper.application; includeInIndex = 0; path = AbletonSampler.app; sourceTree = BUILT_PRODUCTS_DIR; };
		DD7A8D3E2DB56B6400B3363E /* AbletonSamplerApp.swift */ = {isa = PBXFileReference; lastKnownFileType = sourcecode.swift; path = AbletonSamplerApp.swift; sourceTree = "<group>"; };
		DD7A8D402DB56B6400B3363E /* ContentView.swift */ = {isa = PBXFileReference; lastKnownFileType = sourcecode.swift; path = ContentView.swift; sourceTree = "<group>"; };
		DD7A8D422DB56B6600B3363E /* Assets.xcassets */ = {isa = PBXFileReference; lastKnownFileType = folder.assetcatalog; path = Assets.xcassets; sourceTree = "<group>"; };
		DD7A8D452DB56B6600B3363E /* Preview Assets.xcassets */ = {isa = PBXFileReference; lastKnownFileType = folder.assetcatalog; path = "Preview Assets.xcassets"; sourceTree = "<group>"; };
		DD7A8D472DB56B6600B3363E /* AbletonSampler.entitlements */ = {isa = PBXFileReference; lastKnownFileType = text.plist.entitlements; path = AbletonSampler.entitlements; sourceTree = "<group>"; };
		DD7A8D4C2DB56B6600B3363E /* AbletonSamplerTests.xctest */ = {isa = PBXFileReference; explicitFileType = wrapper.cfbundle; includeInIndex = 0; path = AbletonSamplerTests.xctest; sourceTree = BUILT_PRODUCTS_DIR; };
		DD7A8D502DB56B6600B3363E /* AbletonSamplerTests.swift */ = {isa = PBXFileReference; lastKnownFileType = sourcecode.swift; path = AbletonSamplerTests.swift; sourceTree = "<group>"; };
		DD7A8D562DB56B6600B3363E /* AbletonSamplerUITests.xctest */ = {isa = PBXFileReference; explicitFileType = wrapper.cfbundle; includeInIndex = 0; path = AbletonSamplerUITests.xctest; sourceTree = BUILT_PRODUCTS_DIR; };
		DD7A8D5A2DB56B6600B3363E /* AbletonSamplerUITests.swift */ = {isa = PBXFileReference; lastKnownFileType = sourcecode.swift; path = AbletonSamplerUITests.swift; sourceTree = "<group>"; };
		DD7A8D5C2DB56B6600B3363E /* AbletonSamplerUITestsLaunchTests.swift */ = {isa = PBXFileReference; lastKnownFileType = sourcecode.swift; path = AbletonSamplerUITestsLaunchTests.swift; sourceTree = "<group>"; };
		DD7A8D692DB56B8500B3363E /* SamplerViewModel.swift */ = {isa = PBXFileReference; lastKnownFileType = sourcecode.swift; path = SamplerViewModel.swift; sourceTree = "<group>"; };
		DD7A8D702DB59B2000B3363E /* AudioSegmentEditorView.swift */ = {isa = PBXFileReference; fileEncoding = 4; lastKnownFileType = sourcecode.swift; path = AudioSegmentEditorView.swift; sourceTree = "<group>"; };
		DD7A8D752DB5B40F00B3363E /* PianoKeyboardView.swift */ = {isa = PBXFileReference; fileEncoding = 4; lastKnownFileType = sourcecode.swift; path = PianoKeyboardView.swift; sourceTree = "<group>"; };
/* End PBXFileReference section */

/* Begin PBXFrameworksBuildPhase section */
		DD7A8D382DB56B6400B3363E /* Frameworks */ = {
			isa = PBXFrameworksBuildPhase;
			buildActionMask = 2147483647;
			files = (
				DD70F4462DB7FE4F0054E2B2 /* AudioKitUI in Frameworks */,
				DD70F4442DB7FE3F0054E2B2 /* AudioKit in Frameworks */,
			);
			runOnlyForDeploymentPostprocessing = 0;
		};
		DD7A8D492DB56B6600B3363E /* Frameworks */ = {
			isa = PBXFrameworksBuildPhase;
			buildActionMask = 2147483647;
			files = (
			);
			runOnlyForDeploymentPostprocessing = 0;
		};
		DD7A8D532DB56B6600B3363E /* Frameworks */ = {
			isa = PBXFrameworksBuildPhase;
			buildActionMask = 2147483647;
			files = (
			);
			runOnlyForDeploymentPostprocessing = 0;
		};
/* End PBXFrameworksBuildPhase section */

/* Begin PBXGroup section */
		DD70F4422DB7FE2F0054E2B2 /* Frameworks */ = {
			isa = PBXGroup;
			children = (
			);
			name = Frameworks;
			sourceTree = "<group>";
		};
		DD7A8D322DB56B6400B3363E = {
			isa = PBXGroup;
			children = (
				DD7A8D3D2DB56B6400B3363E /* AbletonSampler */,
				DD7A8D4F2DB56B6600B3363E /* AbletonSamplerTests */,
				DD7A8D592DB56B6600B3363E /* AbletonSamplerUITests */,
				DD7A8D3C2DB56B6400B3363E /* Products */,
				DD70F4422DB7FE2F0054E2B2 /* Frameworks */,
			);
			sourceTree = "<group>";
		};
		DD7A8D3C2DB56B6400B3363E /* Products */ = {
			isa = PBXGroup;
			children = (
				DD7A8D3B2DB56B6400B3363E /* AbletonSampler.app */,
				DD7A8D4C2DB56B6600B3363E /* AbletonSamplerTests.xctest */,
				DD7A8D562DB56B6600B3363E /* AbletonSamplerUITests.xctest */,
			);
			name = Products;
			sourceTree = "<group>";
		};
		DD7A8D3D2DB56B6400B3363E /* AbletonSampler */ = {
			isa = PBXGroup;
			children = (
				DD1C16792DBA931E0097B59A /* AddSampleView.swift */,
				DD1C16772DBA518B0097B59A /* WaveformDisplayView.swift */,
				DD1C16752DB809460097B59A /* SampleDetailView.swift */,
				DD1C16732DB808250097B59A /* PianoKeyboardView.swift */,
				DD3CB6AC2DB6D7D1009B2C5C /* MIDIManager.swift */,
				DD3CB6AD2DB6D7D1009B2C5C /* MIDIView.swift */,
				DD7A8D702DB59B2000B3363E /* AudioSegmentEditorView.swift */,
				DD7A8D3E2DB56B6400B3363E /* AbletonSamplerApp.swift */,
				DD3CB6B02DB6E367009B2C5C /* KeyboardView.swift */,
				DD7A8D692DB56B8500B3363E /* SamplerViewModel.swift */,
				DD7A8D402DB56B6400B3363E /* ContentView.swift */,
				DD7A8D752DB5B40F00B3363E /* PianoKeyboardView.swift */,
				DD7A8D422DB56B6600B3363E /* Assets.xcassets */,
				DD7A8D472DB56B6600B3363E /* AbletonSampler.entitlements */,
				DD7A8D442DB56B6600B3363E /* Preview Content */,
			);
			path = AbletonSampler;
			sourceTree = "<group>";
		};
		DD7A8D442DB56B6600B3363E /* Preview Content */ = {
			isa = PBXGroup;
			children = (
				DD7A8D452DB56B6600B3363E /* Preview Assets.xcassets */,
			);
			path = "Preview Content";
			sourceTree = "<group>";
		};
		DD7A8D4F2DB56B6600B3363E /* AbletonSamplerTests */ = {
			isa = PBXGroup;
			children = (
				DD7A8D502DB56B6600B3363E /* AbletonSamplerTests.swift */,
			);
			path = AbletonSamplerTests;
			sourceTree = "<group>";
		};
		DD7A8D592DB56B6600B3363E /* AbletonSamplerUITests */ = {
			isa = PBXGroup;
			children = (
				DD7A8D5A2DB56B6600B3363E /* AbletonSamplerUITests.swift */,
				DD7A8D5C2DB56B6600B3363E /* AbletonSamplerUITestsLaunchTests.swift */,
			);
			path = AbletonSamplerUITests;
			sourceTree = "<group>";
		};
/* End PBXGroup section */

/* Begin PBXNativeTarget section */
		DD7A8D3A2DB56B6400B3363E /* AbletonSampler */ = {
			isa = PBXNativeTarget;
			buildConfigurationList = DD7A8D602DB56B6600B3363E /* Build configuration list for PBXNativeTarget "AbletonSampler" */;
			buildPhases = (
				DD7A8D372DB56B6400B3363E /* Sources */,
				DD7A8D382DB56B6400B3363E /* Frameworks */,
				DD7A8D392DB56B6400B3363E /* Resources */,
			);
			buildRules = (
			);
			dependencies = (
			);
			name = AbletonSampler;
			packageProductDependencies = (
				DD70F4432DB7FE3F0054E2B2 /* AudioKit */,
				DD70F4452DB7FE4F0054E2B2 /* AudioKitUI */,
			);
			productName = AbletonSampler;
			productReference = DD7A8D3B2DB56B6400B3363E /* AbletonSampler.app */;
			productType = "com.apple.product-type.application";
		};
		DD7A8D4B2DB56B6600B3363E /* AbletonSamplerTests */ = {
			isa = PBXNativeTarget;
			buildConfigurationList = DD7A8D632DB56B6600B3363E /* Build configuration list for PBXNativeTarget "AbletonSamplerTests" */;
			buildPhases = (
				DD7A8D482DB56B6600B3363E /* Sources */,
				DD7A8D492DB56B6600B3363E /* Frameworks */,
				DD7A8D4A2DB56B6600B3363E /* Resources */,
			);
			buildRules = (
			);
			dependencies = (
				DD7A8D4E2DB56B6600B3363E /* PBXTargetDependency */,
			);
			name = AbletonSamplerTests;
			productName = AbletonSamplerTests;
			productReference = DD7A8D4C2DB56B6600B3363E /* AbletonSamplerTests.xctest */;
			productType = "com.apple.product-type.bundle.unit-test";
		};
		DD7A8D552DB56B6600B3363E /* AbletonSamplerUITests */ = {
			isa = PBXNativeTarget;
			buildConfigurationList = DD7A8D662DB56B6600B3363E /* Build configuration list for PBXNativeTarget "AbletonSamplerUITests" */;
			buildPhases = (
				DD7A8D522DB56B6600B3363E /* Sources */,
				DD7A8D532DB56B6600B3363E /* Frameworks */,
				DD7A8D542DB56B6600B3363E /* Resources */,
			);
			buildRules = (
			);
			dependencies = (
				DD7A8D582DB56B6600B3363E /* PBXTargetDependency */,
			);
			name = AbletonSamplerUITests;
			productName = AbletonSamplerUITests;
			productReference = DD7A8D562DB56B6600B3363E /* AbletonSamplerUITests.xctest */;
			productType = "com.apple.product-type.bundle.ui-testing";
		};
/* End PBXNativeTarget section */

/* Begin PBXProject section */
		DD7A8D332DB56B6400B3363E /* Project object */ = {
			isa = PBXProject;
			attributes = {
				BuildIndependentTargetsInParallel = 1;
				LastSwiftUpdateCheck = 1540;
				LastUpgradeCheck = 1540;
				TargetAttributes = {
					DD7A8D3A2DB56B6400B3363E = {
						CreatedOnToolsVersion = 15.4;
					};
					DD7A8D4B2DB56B6600B3363E = {
						CreatedOnToolsVersion = 15.4;
						TestTargetID = DD7A8D3A2DB56B6400B3363E;
					};
					DD7A8D552DB56B6600B3363E = {
						CreatedOnToolsVersion = 15.4;
						TestTargetID = DD7A8D3A2DB56B6400B3363E;
					};
				};
			};
			buildConfigurationList = DD7A8D362DB56B6400B3363E /* Build configuration list for PBXProject "AbletonSampler" */;
			compatibilityVersion = "Xcode 14.0";
			developmentRegion = en;
			hasScannedForEncodings = 0;
			knownRegions = (
				en,
				Base,
			);
			mainGroup = DD7A8D322DB56B6400B3363E;
			packageReferences = (
				DD7A8D6D2DB59A0B00B3363E /* XCRemoteSwiftPackageReference "AudioKit" */,
				DD7A8D722DB59DA700B3363E /* XCRemoteSwiftPackageReference "AudioKitUI" */,
			);
			productRefGroup = DD7A8D3C2DB56B6400B3363E /* Products */;
			projectDirPath = "";
			projectRoot = "";
			targets = (
				DD7A8D3A2DB56B6400B3363E /* AbletonSampler */,
				DD7A8D4B2DB56B6600B3363E /* AbletonSamplerTests */,
				DD7A8D552DB56B6600B3363E /* AbletonSamplerUITests */,
			);
		};
/* End PBXProject section */

/* Begin PBXResourcesBuildPhase section */
		DD7A8D392DB56B6400B3363E /* Resources */ = {
			isa = PBXResourcesBuildPhase;
			buildActionMask = 2147483647;
			files = (
				DD7A8D462DB56B6600B3363E /* Preview Assets.xcassets in Resources */,
				DD7A8D432DB56B6600B3363E /* Assets.xcassets in Resources */,
			);
			runOnlyForDeploymentPostprocessing = 0;
		};
		DD7A8D4A2DB56B6600B3363E /* Resources */ = {
			isa = PBXResourcesBuildPhase;
			buildActionMask = 2147483647;
			files = (
			);
			runOnlyForDeploymentPostprocessing = 0;
		};
		DD7A8D542DB56B6600B3363E /* Resources */ = {
			isa = PBXResourcesBuildPhase;
			buildActionMask = 2147483647;
			files = (
			);
			runOnlyForDeploymentPostprocessing = 0;
		};
/* End PBXResourcesBuildPhase section */

/* Begin PBXSourcesBuildPhase section */
		DD7A8D372DB56B6400B3363E /* Sources */ = {
			isa = PBXSourcesBuildPhase;
			buildActionMask = 2147483647;
			files = (
				DD7A8D762DB5B40F00B3363E /* PianoKeyboardView.swift in Sources */,
				DD1C16742DB808250097B59A /* PianoKeyboardView.swift in Sources */,
				DD3CB6B12DB6E367009B2C5C /* KeyboardView.swift in Sources */,
				DD7A8D412DB56B6400B3363E /* ContentView.swift in Sources */,
				DD1C167A2DBA931E0097B59A /* AddSampleView.swift in Sources */,
				DD3CB6AF2DB6D7D1009B2C5C /* MIDIView.swift in Sources */,
				DD3CB6AE2DB6D7D1009B2C5C /* MIDIManager.swift in Sources */,
				DD1C16782DBA518B0097B59A /* WaveformDisplayView.swift in Sources */,
				DD7A8D6A2DB56B8500B3363E /* SamplerViewModel.swift in Sources */,
				DD1C16762DB809460097B59A /* SampleDetailView.swift in Sources */,
				DD7A8D712DB59B2000B3363E /* AudioSegmentEditorView.swift in Sources */,
				DD7A8D3F2DB56B6400B3363E /* AbletonSamplerApp.swift in Sources */,
			);
			runOnlyForDeploymentPostprocessing = 0;
		};
		DD7A8D482DB56B6600B3363E /* Sources */ = {
			isa = PBXSourcesBuildPhase;
			buildActionMask = 2147483647;
			files = (
				DD7A8D512DB56B6600B3363E /* AbletonSamplerTests.swift in Sources */,
			);
			runOnlyForDeploymentPostprocessing = 0;
		};
		DD7A8D522DB56B6600B3363E /* Sources */ = {
			isa = PBXSourcesBuildPhase;
			buildActionMask = 2147483647;
			files = (
				DD7A8D5B2DB56B6600B3363E /* AbletonSamplerUITests.swift in Sources */,
				DD7A8D5D2DB56B6600B3363E /* AbletonSamplerUITestsLaunchTests.swift in Sources */,
			);
			runOnlyForDeploymentPostprocessing = 0;
		};
/* End PBXSourcesBuildPhase section */

/* Begin PBXTargetDependency section */
		DD7A8D4E2DB56B6600B3363E /* PBXTargetDependency */ = {
			isa = PBXTargetDependency;
			target = DD7A8D3A2DB56B6400B3363E /* AbletonSampler */;
			targetProxy = DD7A8D4D2DB56B6600B3363E /* PBXContainerItemProxy */;
		};
		DD7A8D582DB56B6600B3363E /* PBXTargetDependency */ = {
			isa = PBXTargetDependency;
			target = DD7A8D3A2DB56B6400B3363E /* AbletonSampler */;
			targetProxy = DD7A8D572DB56B6600B3363E /* PBXContainerItemProxy */;
		};
/* End PBXTargetDependency section */

/* Begin XCBuildConfiguration section */
		DD7A8D5E2DB56B6600B3363E /* Debug */ = {
			isa = XCBuildConfiguration;
			buildSettings = {
				ALWAYS_SEARCH_USER_PATHS = NO;
				ASSETCATALOG_COMPILER_GENERATE_SWIFT_ASSET_SYMBOL_EXTENSIONS = YES;
				CLANG_ANALYZER_NONNULL = YES;
				CLANG_ANALYZER_NUMBER_OBJECT_CONVERSION = YES_AGGRESSIVE;
				CLANG_CXX_LANGUAGE_STANDARD = "gnu++20";
				CLANG_ENABLE_MODULES = YES;
				CLANG_ENABLE_OBJC_ARC = YES;
				CLANG_ENABLE_OBJC_WEAK = YES;
				CLANG_WARN_BLOCK_CAPTURE_AUTORELEASING = YES;
				CLANG_WARN_BOOL_CONVERSION = YES;
				CLANG_WARN_COMMA = YES;
				CLANG_WARN_CONSTANT_CONVERSION = YES;
				CLANG_WARN_DEPRECATED_OBJC_IMPLEMENTATIONS = YES;
				CLANG_WARN_DIRECT_OBJC_ISA_USAGE = YES_ERROR;
				CLANG_WARN_DOCUMENTATION_COMMENTS = YES;
				CLANG_WARN_EMPTY_BODY = YES;
				CLANG_WARN_ENUM_CONVERSION = YES;
				CLANG_WARN_INFINITE_RECURSION = YES;
				CLANG_WARN_INT_CONVERSION = YES;
				CLANG_WARN_NON_LITERAL_NULL_CONVERSION = YES;
				CLANG_WARN_OBJC_IMPLICIT_RETAIN_SELF = YES;
				CLANG_WARN_OBJC_LITERAL_CONVERSION = YES;
				CLANG_WARN_OBJC_ROOT_CLASS = YES_ERROR;
				CLANG_WARN_QUOTED_INCLUDE_IN_FRAMEWORK_HEADER = YES;
				CLANG_WARN_RANGE_LOOP_ANALYSIS = YES;
				CLANG_WARN_STRICT_PROTOTYPES = YES;
				CLANG_WARN_SUSPICIOUS_MOVE = YES;
				CLANG_WARN_UNGUARDED_AVAILABILITY = YES_AGGRESSIVE;
				CLANG_WARN_UNREACHABLE_CODE = YES;
				CLANG_WARN__DUPLICATE_METHOD_MATCH = YES;
				COPY_PHASE_STRIP = NO;
				DEBUG_INFORMATION_FORMAT = dwarf;
				ENABLE_STRICT_OBJC_MSGSEND = YES;
				ENABLE_TESTABILITY = YES;
				ENABLE_USER_SCRIPT_SANDBOXING = YES;
				GCC_C_LANGUAGE_STANDARD = gnu17;
				GCC_DYNAMIC_NO_PIC = NO;
				GCC_NO_COMMON_BLOCKS = YES;
				GCC_OPTIMIZATION_LEVEL = 0;
				GCC_PREPROCESSOR_DEFINITIONS = (
					"DEBUG=1",
					"$(inherited)",
				);
				GCC_WARN_64_TO_32_BIT_CONVERSION = YES;
				GCC_WARN_ABOUT_RETURN_TYPE = YES_ERROR;
				GCC_WARN_UNDECLARED_SELECTOR = YES;
				GCC_WARN_UNINITIALIZED_AUTOS = YES_AGGRESSIVE;
				GCC_WARN_UNUSED_FUNCTION = YES;
				GCC_WARN_UNUSED_VARIABLE = YES;
				LOCALIZATION_PREFERS_STRING_CATALOGS = YES;
				MACOSX_DEPLOYMENT_TARGET = 14.0;
				MTL_ENABLE_DEBUG_INFO = INCLUDE_SOURCE;
				MTL_FAST_MATH = YES;
				ONLY_ACTIVE_ARCH = YES;
				SDKROOT = macosx;
				SWIFT_ACTIVE_COMPILATION_CONDITIONS = "DEBUG $(inherited)";
				SWIFT_OPTIMIZATION_LEVEL = "-Onone";
			};
			name = Debug;
		};
		DD7A8D5F2DB56B6600B3363E /* Release */ = {
			isa = XCBuildConfiguration;
			buildSettings = {
				ALWAYS_SEARCH_USER_PATHS = NO;
				ASSETCATALOG_COMPILER_GENERATE_SWIFT_ASSET_SYMBOL_EXTENSIONS = YES;
				CLANG_ANALYZER_NONNULL = YES;
				CLANG_ANALYZER_NUMBER_OBJECT_CONVERSION = YES_AGGRESSIVE;
				CLANG_CXX_LANGUAGE_STANDARD = "gnu++20";
				CLANG_ENABLE_MODULES = YES;
				CLANG_ENABLE_OBJC_ARC = YES;
				CLANG_ENABLE_OBJC_WEAK = YES;
				CLANG_WARN_BLOCK_CAPTURE_AUTORELEASING = YES;
				CLANG_WARN_BOOL_CONVERSION = YES;
				CLANG_WARN_COMMA = YES;
				CLANG_WARN_CONSTANT_CONVERSION = YES;
				CLANG_WARN_DEPRECATED_OBJC_IMPLEMENTATIONS = YES;
				CLANG_WARN_DIRECT_OBJC_ISA_USAGE = YES_ERROR;
				CLANG_WARN_DOCUMENTATION_COMMENTS = YES;
				CLANG_WARN_EMPTY_BODY = YES;
				CLANG_WARN_ENUM_CONVERSION = YES;
				CLANG_WARN_INFINITE_RECURSION = YES;
				CLANG_WARN_INT_CONVERSION = YES;
				CLANG_WARN_NON_LITERAL_NULL_CONVERSION = YES;
				CLANG_WARN_OBJC_IMPLICIT_RETAIN_SELF = YES;
				CLANG_WARN_OBJC_LITERAL_CONVERSION = YES;
				CLANG_WARN_OBJC_ROOT_CLASS = YES_ERROR;
				CLANG_WARN_QUOTED_INCLUDE_IN_FRAMEWORK_HEADER = YES;
				CLANG_WARN_RANGE_LOOP_ANALYSIS = YES;
				CLANG_WARN_STRICT_PROTOTYPES = YES;
				CLANG_WARN_SUSPICIOUS_MOVE = YES;
				CLANG_WARN_UNGUARDED_AVAILABILITY = YES_AGGRESSIVE;
				CLANG_WARN_UNREACHABLE_CODE = YES;
				CLANG_WARN__DUPLICATE_METHOD_MATCH = YES;
				COPY_PHASE_STRIP = NO;
				DEBUG_INFORMATION_FORMAT = "dwarf-with-dsym";
				ENABLE_NS_ASSERTIONS = NO;
				ENABLE_STRICT_OBJC_MSGSEND = YES;
				ENABLE_USER_SCRIPT_SANDBOXING = YES;
				GCC_C_LANGUAGE_STANDARD = gnu17;
				GCC_NO_COMMON_BLOCKS = YES;
				GCC_WARN_64_TO_32_BIT_CONVERSION = YES;
				GCC_WARN_ABOUT_RETURN_TYPE = YES_ERROR;
				GCC_WARN_UNDECLARED_SELECTOR = YES;
				GCC_WARN_UNINITIALIZED_AUTOS = YES_AGGRESSIVE;
				GCC_WARN_UNUSED_FUNCTION = YES;
				GCC_WARN_UNUSED_VARIABLE = YES;
				LOCALIZATION_PREFERS_STRING_CATALOGS = YES;
				MACOSX_DEPLOYMENT_TARGET = 14.0;
				MTL_ENABLE_DEBUG_INFO = NO;
				MTL_FAST_MATH = YES;
				SDKROOT = macosx;
				SWIFT_COMPILATION_MODE = wholemodule;
			};
			name = Release;
		};
		DD7A8D612DB56B6600B3363E /* Debug */ = {
			isa = XCBuildConfiguration;
			buildSettings = {
				ASSETCATALOG_COMPILER_APPICON_NAME = AppIcon;
				ASSETCATALOG_COMPILER_GLOBAL_ACCENT_COLOR_NAME = AccentColor;
				CODE_SIGN_ENTITLEMENTS = AbletonSampler/AbletonSampler.entitlements;
				CODE_SIGN_STYLE = Automatic;
				COMBINE_HIDPI_IMAGES = YES;
				CURRENT_PROJECT_VERSION = 1;
				DEVELOPMENT_ASSET_PATHS = "\"AbletonSampler/Preview Content\"";
				DEVELOPMENT_TEAM = 5R2D4Y969H;
				ENABLE_HARDENED_RUNTIME = YES;
				ENABLE_PREVIEWS = YES;
				GENERATE_INFOPLIST_FILE = YES;
				INFOPLIST_KEY_NSHumanReadableCopyright = "";
				LD_RUNPATH_SEARCH_PATHS = (
					"$(inherited)",
					"@executable_path/../Frameworks",
				);
				MARKETING_VERSION = 1.0;
				PRODUCT_BUNDLE_IDENTIFIER = AOTondra.AbletonSampler;
				PRODUCT_NAME = "$(TARGET_NAME)";
				SWIFT_EMIT_LOC_STRINGS = YES;
				SWIFT_VERSION = 5.0;
			};
			name = Debug;
		};
		DD7A8D622DB56B6600B3363E /* Release */ = {
			isa = XCBuildConfiguration;
			buildSettings = {
				ASSETCATALOG_COMPILER_APPICON_NAME = AppIcon;
				ASSETCATALOG_COMPILER_GLOBAL_ACCENT_COLOR_NAME = AccentColor;
				CODE_SIGN_ENTITLEMENTS = AbletonSampler/AbletonSampler.entitlements;
				CODE_SIGN_STYLE = Automatic;
				COMBINE_HIDPI_IMAGES = YES;
				CURRENT_PROJECT_VERSION = 1;
				DEVELOPMENT_ASSET_PATHS = "\"AbletonSampler/Preview Content\"";
				DEVELOPMENT_TEAM = 5R2D4Y969H;
				ENABLE_HARDENED_RUNTIME = YES;
				ENABLE_PREVIEWS = YES;
				GENERATE_INFOPLIST_FILE = YES;
				INFOPLIST_KEY_NSHumanReadableCopyright = "";
				LD_RUNPATH_SEARCH_PATHS = (
					"$(inherited)",
					"@executable_path/../Frameworks",
				);
				MARKETING_VERSION = 1.0;
				PRODUCT_BUNDLE_IDENTIFIER = AOTondra.AbletonSampler;
				PRODUCT_NAME = "$(TARGET_NAME)";
				SWIFT_EMIT_LOC_STRINGS = YES;
				SWIFT_VERSION = 5.0;
			};
			name = Release;
		};
		DD7A8D642DB56B6600B3363E /* Debug */ = {
			isa = XCBuildConfiguration;
			buildSettings = {
				ALWAYS_EMBED_SWIFT_STANDARD_LIBRARIES = YES;
				BUNDLE_LOADER = "$(TEST_HOST)";
				CODE_SIGN_STYLE = Automatic;
				CURRENT_PROJECT_VERSION = 1;
				DEVELOPMENT_TEAM = 5R2D4Y969H;
				GENERATE_INFOPLIST_FILE = YES;
				MACOSX_DEPLOYMENT_TARGET = 14.0;
				MARKETING_VERSION = 1.0;
				PRODUCT_BUNDLE_IDENTIFIER = AOTondra.AbletonSamplerTests;
				PRODUCT_NAME = "$(TARGET_NAME)";
				SWIFT_EMIT_LOC_STRINGS = NO;
				SWIFT_VERSION = 5.0;
				TEST_HOST = "$(BUILT_PRODUCTS_DIR)/AbletonSampler.app/$(BUNDLE_EXECUTABLE_FOLDER_PATH)/AbletonSampler";
			};
			name = Debug;
		};
		DD7A8D652DB56B6600B3363E /* Release */ = {
			isa = XCBuildConfiguration;
			buildSettings = {
				ALWAYS_EMBED_SWIFT_STANDARD_LIBRARIES = YES;
				BUNDLE_LOADER = "$(TEST_HOST)";
				CODE_SIGN_STYLE = Automatic;
				CURRENT_PROJECT_VERSION = 1;
				DEVELOPMENT_TEAM = 5R2D4Y969H;
				GENERATE_INFOPLIST_FILE = YES;
				MACOSX_DEPLOYMENT_TARGET = 14.0;
				MARKETING_VERSION = 1.0;
				PRODUCT_BUNDLE_IDENTIFIER = AOTondra.AbletonSamplerTests;
				PRODUCT_NAME = "$(TARGET_NAME)";
				SWIFT_EMIT_LOC_STRINGS = NO;
				SWIFT_VERSION = 5.0;
				TEST_HOST = "$(BUILT_PRODUCTS_DIR)/AbletonSampler.app/$(BUNDLE_EXECUTABLE_FOLDER_PATH)/AbletonSampler";
			};
			name = Release;
		};
		DD7A8D672DB56B6600B3363E /* Debug */ = {
			isa = XCBuildConfiguration;
			buildSettings = {
				ALWAYS_EMBED_SWIFT_STANDARD_LIBRARIES = YES;
				CODE_SIGN_STYLE = Automatic;
				CURRENT_PROJECT_VERSION = 1;
				DEVELOPMENT_TEAM = 5R2D4Y969H;
				GENERATE_INFOPLIST_FILE = YES;
				MARKETING_VERSION = 1.0;
				PRODUCT_BUNDLE_IDENTIFIER = AOTondra.AbletonSamplerUITests;
				PRODUCT_NAME = "$(TARGET_NAME)";
				SWIFT_EMIT_LOC_STRINGS = NO;
				SWIFT_VERSION = 5.0;
				TEST_TARGET_NAME = AbletonSampler;
			};
			name = Debug;
		};
		DD7A8D682DB56B6600B3363E /* Release */ = {
			isa = XCBuildConfiguration;
			buildSettings = {
				ALWAYS_EMBED_SWIFT_STANDARD_LIBRARIES = YES;
				CODE_SIGN_STYLE = Automatic;
				CURRENT_PROJECT_VERSION = 1;
				DEVELOPMENT_TEAM = 5R2D4Y969H;
				GENERATE_INFOPLIST_FILE = YES;
				MARKETING_VERSION = 1.0;
				PRODUCT_BUNDLE_IDENTIFIER = AOTondra.AbletonSamplerUITests;
				PRODUCT_NAME = "$(TARGET_NAME)";
				SWIFT_EMIT_LOC_STRINGS = NO;
				SWIFT_VERSION = 5.0;
				TEST_TARGET_NAME = AbletonSampler;
			};
			name = Release;
		};
/* End XCBuildConfiguration section */

/* Begin XCConfigurationList section */
		DD7A8D362DB56B6400B3363E /* Build configuration list for PBXProject "AbletonSampler" */ = {
			isa = XCConfigurationList;
			buildConfigurations = (
				DD7A8D5E2DB56B6600B3363E /* Debug */,
				DD7A8D5F2DB56B6600B3363E /* Release */,
			);
			defaultConfigurationIsVisible = 0;
			defaultConfigurationName = Release;
		};
		DD7A8D602DB56B6600B3363E /* Build configuration list for PBXNativeTarget "AbletonSampler" */ = {
			isa = XCConfigurationList;
			buildConfigurations = (
				DD7A8D612DB56B6600B3363E /* Debug */,
				DD7A8D622DB56B6600B3363E /* Release */,
			);
			defaultConfigurationIsVisible = 0;
			defaultConfigurationName = Release;
		};
		DD7A8D632DB56B6600B3363E /* Build configuration list for PBXNativeTarget "AbletonSamplerTests" */ = {
			isa = XCConfigurationList;
			buildConfigurations = (
				DD7A8D642DB56B6600B3363E /* Debug */,
				DD7A8D652DB56B6600B3363E /* Release */,
			);
			defaultConfigurationIsVisible = 0;
			defaultConfigurationName = Release;
		};
		DD7A8D662DB56B6600B3363E /* Build configuration list for PBXNativeTarget "AbletonSamplerUITests" */ = {
			isa = XCConfigurationList;
			buildConfigurations = (
				DD7A8D672DB56B6600B3363E /* Debug */,
				DD7A8D682DB56B6600B3363E /* Release */,
			);
			defaultConfigurationIsVisible = 0;
			defaultConfigurationName = Release;
		};
/* End XCConfigurationList section */

/* Begin XCRemoteSwiftPackageReference section */
		DD7A8D6D2DB59A0B00B3363E /* XCRemoteSwiftPackageReference "AudioKit" */ = {
			isa = XCRemoteSwiftPackageReference;
			repositoryURL = "https://github.com/AudioKit/AudioKit.git";
			requirement = {
				kind = upToNextMajorVersion;
				minimumVersion = 5.6.5;
			};
		};
		DD7A8D722DB59DA700B3363E /* XCRemoteSwiftPackageReference "AudioKitUI" */ = {
			isa = XCRemoteSwiftPackageReference;
			repositoryURL = "https://github.com/AudioKit/AudioKitUI.git";
			requirement = {
				kind = upToNextMajorVersion;
				minimumVersion = 0.3.7;
			};
		};
/* End XCRemoteSwiftPackageReference section */

/* Begin XCSwiftPackageProductDependency section */
		DD70F4432DB7FE3F0054E2B2 /* AudioKit */ = {
			isa = XCSwiftPackageProductDependency;
			package = DD7A8D6D2DB59A0B00B3363E /* XCRemoteSwiftPackageReference "AudioKit" */;
			productName = AudioKit;
		};
		DD70F4452DB7FE4F0054E2B2 /* AudioKitUI */ = {
			isa = XCSwiftPackageProductDependency;
			package = DD7A8D722DB59DA700B3363E /* XCRemoteSwiftPackageReference "AudioKitUI" */;
			productName = AudioKitUI;
		};
/* End XCSwiftPackageProductDependency section */
	};
	rootObject = DD7A8D332DB56B6400B3363E /* Project object */;
}
